
Microsoft Visual Studio Solution File, Format Version 12.00
# Visual Studio Version 16
VisualStudioVersion = 16.0.29009.5
MinimumVisualStudioVersion = 10.0.40219.1
Project("{FAE04EC0-301F-11D3-BF4B-00C04F79EFBC}") = "Tabuada", "Tabuada.csproj", "{A7B46F96-5B00-46BF-AA09-83FEECA597B5}"
EndProject
Global
	GlobalSection(SolutionConfigurationPlatforms) = preSolution
		Debug|Any CPU = Debug|Any CPU
		Release|Any CPU = Release|Any CPU
	EndGlobalSection
	GlobalSection(ProjectConfigurationPlatforms) = postSolution
		{A7B46F96-5B00-46BF-AA09-83FEECA597B5}.Debug|Any CPU.ActiveCfg = Debug|Any CPU
		{A7B46F96-5B00-46BF-AA09-83FEECA597B5}.Debug|Any CPU.Build.0 = Debug|Any CPU
		{A7B46F96-5B00-46BF-AA09-83FEECA597B5}.Release|Any CPU.ActiveCfg = Release|Any CPU
		{A7B46F96-5B00-46BF-AA09-83FEECA597B5}.Release|Any CPU.Build.0 = Release|Any CPU
	EndGlobalSection
	GlobalSection(SolutionProperties) = preSolution
		HideSolutionNode = FALSE
	EndGlobalSection
	GlobalSection(ExtensibilityGlobals) = postSolution
		SolutionGuid = {1A20FD45-CC61-40EF-9DE9-2A7D3E9B74A4}
	EndGlobalSection
EndGlobal
