
Microsoft Visual Studio Solution File, Format Version 12.00
# Visual Studio Version 16
VisualStudioVersion = 16.0.29009.5
MinimumVisualStudioVersion = 10.0.40219.1
Project("{FAE04EC0-301F-11D3-BF4B-00C04F79EFBC}") = "Hello world_Console", "Hello world_Console.csproj", "{95125F80-303E-4351-8596-E78F762CDC0E}"
EndProject
Global
	GlobalSection(SolutionConfigurationPlatforms) = preSolution
		Debug|Any CPU = Debug|Any CPU
		Release|Any CPU = Release|Any CPU
	EndGlobalSection
	GlobalSection(ProjectConfigurationPlatforms) = postSolution
		{95125F80-303E-4351-8596-E78F762CDC0E}.Debug|Any CPU.ActiveCfg = Debug|Any CPU
		{95125F80-303E-4351-8596-E78F762CDC0E}.Debug|Any CPU.Build.0 = Debug|Any CPU
		{95125F80-303E-4351-8596-E78F762CDC0E}.Release|Any CPU.ActiveCfg = Release|Any CPU
		{95125F80-303E-4351-8596-E78F762CDC0E}.Release|Any CPU.Build.0 = Release|Any CPU
	EndGlobalSection
	GlobalSection(SolutionProperties) = preSolution
		HideSolutionNode = FALSE
	EndGlobalSection
	GlobalSection(ExtensibilityGlobals) = postSolution
		SolutionGuid = {482DEC85-5E09-494E-A9CB-287E5CF27CF9}
	EndGlobalSection
EndGlobal
