
Microsoft Visual Studio Solution File, Format Version 12.00
# Visual Studio Version 16
VisualStudioVersion = 16.0.29009.5
MinimumVisualStudioVersion = 10.0.40219.1
Project("{FAE04EC0-301F-11D3-BF4B-00C04F79EFBC}") = "Aula 01 (Variaveis)", "ConsoleApp1\Aula 01 (Variaveis).csproj", "{3205A668-A0BF-4CE9-BD99-076499889665}"
EndProject
Global
	GlobalSection(SolutionConfigurationPlatforms) = preSolution
		Debug|Any CPU = Debug|Any CPU
		Release|Any CPU = Release|Any CPU
	EndGlobalSection
	GlobalSection(ProjectConfigurationPlatforms) = postSolution
		{3205A668-A0BF-4CE9-BD99-076499889665}.Debug|Any CPU.ActiveCfg = Debug|Any CPU
		{3205A668-A0BF-4CE9-BD99-076499889665}.Debug|Any CPU.Build.0 = Debug|Any CPU
		{3205A668-A0BF-4CE9-BD99-076499889665}.Release|Any CPU.ActiveCfg = Release|Any CPU
		{3205A668-A0BF-4CE9-BD99-076499889665}.Release|Any CPU.Build.0 = Release|Any CPU
	EndGlobalSection
	GlobalSection(SolutionProperties) = preSolution
		HideSolutionNode = FALSE
	EndGlobalSection
	GlobalSection(ExtensibilityGlobals) = postSolution
		SolutionGuid = {DAE82C90-459D-4CDC-BD66-313EA00C3F0C}
	EndGlobalSection
EndGlobal
