
Microsoft Visual Studio Solution File, Format Version 12.00
# Visual Studio Version 16
VisualStudioVersion = 16.0.29009.5
MinimumVisualStudioVersion = 10.0.40219.1
Project("{FAE04EC0-301F-11D3-BF4B-00C04F79EFBC}") = "WindowsForms_Calculadora", "WindowsForms_Calculadora.csproj", "{FC7254B3-5EF1-4017-BAFD-155CA3CCF30B}"
EndProject
Global
	GlobalSection(SolutionConfigurationPlatforms) = preSolution
		Debug|Any CPU = Debug|Any CPU
		Release|Any CPU = Release|Any CPU
	EndGlobalSection
	GlobalSection(ProjectConfigurationPlatforms) = postSolution
		{FC7254B3-5EF1-4017-BAFD-155CA3CCF30B}.Debug|Any CPU.ActiveCfg = Debug|Any CPU
		{FC7254B3-5EF1-4017-BAFD-155CA3CCF30B}.Debug|Any CPU.Build.0 = Debug|Any CPU
		{FC7254B3-5EF1-4017-BAFD-155CA3CCF30B}.Release|Any CPU.ActiveCfg = Release|Any CPU
		{FC7254B3-5EF1-4017-BAFD-155CA3CCF30B}.Release|Any CPU.Build.0 = Release|Any CPU
	EndGlobalSection
	GlobalSection(SolutionProperties) = preSolution
		HideSolutionNode = FALSE
	EndGlobalSection
	GlobalSection(ExtensibilityGlobals) = postSolution
		SolutionGuid = {C8526583-EACE-48B5-B997-8377461B001B}
	EndGlobalSection
EndGlobal
