
Microsoft Visual Studio Solution File, Format Version 12.00
# Visual Studio Version 16
VisualStudioVersion = 16.0.29009.5
MinimumVisualStudioVersion = 10.0.40219.1
Project("{FAE04EC0-301F-11D3-BF4B-00C04F79EFBC}") = "Condição_if", "Condição_if.csproj", "{9DA4D4FC-351E-43FA-BE72-EB20D93F6870}"
EndProject
Global
	GlobalSection(SolutionConfigurationPlatforms) = preSolution
		Debug|Any CPU = Debug|Any CPU
		Release|Any CPU = Release|Any CPU
	EndGlobalSection
	GlobalSection(ProjectConfigurationPlatforms) = postSolution
		{9DA4D4FC-351E-43FA-BE72-EB20D93F6870}.Debug|Any CPU.ActiveCfg = Debug|Any CPU
		{9DA4D4FC-351E-43FA-BE72-EB20D93F6870}.Debug|Any CPU.Build.0 = Debug|Any CPU
		{9DA4D4FC-351E-43FA-BE72-EB20D93F6870}.Release|Any CPU.ActiveCfg = Release|Any CPU
		{9DA4D4FC-351E-43FA-BE72-EB20D93F6870}.Release|Any CPU.Build.0 = Release|Any CPU
	EndGlobalSection
	GlobalSection(SolutionProperties) = preSolution
		HideSolutionNode = FALSE
	EndGlobalSection
	GlobalSection(ExtensibilityGlobals) = postSolution
		SolutionGuid = {CF069CB2-BD03-4BFA-8049-5BDAA7C4DB72}
	EndGlobalSection
EndGlobal
