
Microsoft Visual Studio Solution File, Format Version 12.00
# Visual Studio Version 16
VisualStudioVersion = 16.0.29009.5
MinimumVisualStudioVersion = 10.0.40219.1
Project("{FAE04EC0-301F-11D3-BF4B-00C04F79EFBC}") = "WindowsForms_Amazenamentos de vareaveis", "WindowsForms_Amazenamentos de vareaveis.csproj", "{D846AA8C-137E-4B31-992F-456830858B92}"
EndProject
Global
	GlobalSection(SolutionConfigurationPlatforms) = preSolution
		Debug|Any CPU = Debug|Any CPU
		Release|Any CPU = Release|Any CPU
	EndGlobalSection
	GlobalSection(ProjectConfigurationPlatforms) = postSolution
		{D846AA8C-137E-4B31-992F-456830858B92}.Debug|Any CPU.ActiveCfg = Debug|Any CPU
		{D846AA8C-137E-4B31-992F-456830858B92}.Debug|Any CPU.Build.0 = Debug|Any CPU
		{D846AA8C-137E-4B31-992F-456830858B92}.Release|Any CPU.ActiveCfg = Release|Any CPU
		{D846AA8C-137E-4B31-992F-456830858B92}.Release|Any CPU.Build.0 = Release|Any CPU
	EndGlobalSection
	GlobalSection(SolutionProperties) = preSolution
		HideSolutionNode = FALSE
	EndGlobalSection
	GlobalSection(ExtensibilityGlobals) = postSolution
		SolutionGuid = {4CD3D321-39B6-45A0-9795-94057E0B4B9C}
	EndGlobalSection
EndGlobal
